
Microsoft Visual Studio Solution File, Format Version 12.00
# Visual Studio Version 16
VisualStudioVersion = 16.0.32413.511
MinimumVisualStudioVersion = 10.0.40219.1
Project("{FAE04EC0-301F-11D3-BF4B-00C04F79EFBC}") = "LeetCodeCollection", "LeetCodeCollection\LeetCodeCollection.csproj", "{C5501500-3970-4A2C-B900-4941C7AA2F5B}"
EndProject
Global
	GlobalSection(SolutionConfigurationPlatforms) = preSolution
		Debug|Any CPU = Debug|Any CPU
		Release|Any CPU = Release|Any CPU
	EndGlobalSection
	GlobalSection(ProjectConfigurationPlatforms) = postSolution
		{C5501500-3970-4A2C-B900-4941C7AA2F5B}.Debug|Any CPU.ActiveCfg = Debug|Any CPU
		{C5501500-3970-4A2C-B900-4941C7AA2F5B}.Debug|Any CPU.Build.0 = Debug|Any CPU
		{C5501500-3970-4A2C-B900-4941C7AA2F5B}.Release|Any CPU.ActiveCfg = Release|Any CPU
		{C5501500-3970-4A2C-B900-4941C7AA2F5B}.Release|Any CPU.Build.0 = Release|Any CPU
	EndGlobalSection
	GlobalSection(SolutionProperties) = preSolution
		HideSolutionNode = FALSE
	EndGlobalSection
	GlobalSection(ExtensibilityGlobals) = postSolution
		SolutionGuid = {392AF8C0-1AA5-4FB6-84D2-7725473BCDA6}
	EndGlobalSection
EndGlobal
